
Microsoft Visual Studio Solution File, Format Version 12.00
# Visual Studio Version 16
VisualStudioVersion = 16.0.31729.503
MinimumVisualStudioVersion = 10.0.40219.1
Project("{FAE04EC0-301F-11D3-BF4B-00C04F79EFBC}") = "torreHanoi", "torreHanoi\torreHanoi.csproj", "{0A926B19-0559-4523-84E9-DCDD171EA28E}"
EndProject
Global
	GlobalSection(SolutionConfigurationPlatforms) = preSolution
		Debug|Any CPU = Debug|Any CPU
		Release|Any CPU = Release|Any CPU
	EndGlobalSection
	GlobalSection(ProjectConfigurationPlatforms) = postSolution
		{0A926B19-0559-4523-84E9-DCDD171EA28E}.Debug|Any CPU.ActiveCfg = Debug|Any CPU
		{0A926B19-0559-4523-84E9-DCDD171EA28E}.Debug|Any CPU.Build.0 = Debug|Any CPU
		{0A926B19-0559-4523-84E9-DCDD171EA28E}.Release|Any CPU.ActiveCfg = Release|Any CPU
		{0A926B19-0559-4523-84E9-DCDD171EA28E}.Release|Any CPU.Build.0 = Release|Any CPU
	EndGlobalSection
	GlobalSection(SolutionProperties) = preSolution
		HideSolutionNode = FALSE
	EndGlobalSection
	GlobalSection(ExtensibilityGlobals) = postSolution
		SolutionGuid = {7ADDAB29-7E28-43DA-BF62-BAC253F31BA9}
	EndGlobalSection
EndGlobal
